// !$*UTF8*$!
{
	archiveVersion = 1;
	classes = {
	};
	objectVersion = 52;
	objects = {

/* Begin PBXBuildFile section */
		AC1CCDDE276A29900089C3F2 /* Realm in Frameworks */ = {isa = PBXBuildFile; productRef = AC1CCDDD276A29900089C3F2 /* Realm */; };
		AC1CCDE0276A29900089C3F2 /* RealmSwift in Frameworks */ = {isa = PBXBuildFile; productRef = AC1CCDDF276A29900089C3F2 /* RealmSwift */; };
		OBJ_505 /* ModuleSample.swift in Sources */ = {isa = PBXBuildFile; fileRef = OBJ_9 /* ModuleSample.swift */; };
/* End PBXBuildFile section */

/* Begin PBXFileReference section */
		AC962BB827E25F5F00FF63F9 /* realm-cocoa */ = {isa = PBXFileReference; lastKnownFileType = wrapper; name = "realm-cocoa"; path = "../realm-cocoa"; sourceTree = "<group>"; };
		"ModuleSample::ModuleSample::Product" /* ModuleSample.framework */ = {isa = PBXFileReference; explicitFileType = wrapper.framework; path = ModuleSample.framework; sourceTree = BUILT_PRODUCTS_DIR; };
		OBJ_12 /* ModuleSampleTests.swift */ = {isa = PBXFileReference; lastKnownFileType = sourcecode.swift; path = ModuleSampleTests.swift; sourceTree = "<group>"; };
		OBJ_479 /* README.md */ = {isa = PBXFileReference; lastKnownFileType = net.daringfireball.markdown; path = README.md; sourceTree = "<group>"; };
		OBJ_9 /* ModuleSample.swift */ = {isa = PBXFileReference; lastKnownFileType = sourcecode.swift; path = ModuleSample.swift; sourceTree = "<group>"; };
/* End PBXFileReference section */

/* Begin PBXFrameworksBuildPhase section */
		OBJ_506 /* Frameworks */ = {
			isa = PBXFrameworksBuildPhase;
			buildActionMask = 0;
			files = (
				AC1CCDE0276A29900089C3F2 /* RealmSwift in Frameworks */,
				AC1CCDDE276A29900089C3F2 /* Realm in Frameworks */,
			);
			runOnlyForDeploymentPostprocessing = 0;
		};
/* End PBXFrameworksBuildPhase section */

/* Begin PBXGroup section */
		AC4F22B0266A2E6200501F0D /* Frameworks */ = {
			isa = PBXGroup;
			children = (
				AC962BB827E25F5F00FF63F9 /* realm-cocoa */,
			);
			name = Frameworks;
			sourceTree = "<group>";
		};
		OBJ_10 /* Tests */ = {
			isa = PBXGroup;
			children = (
				OBJ_11 /* ModuleSampleTests */,
			);
			name = Tests;
			sourceTree = SOURCE_ROOT;
		};
		OBJ_11 /* ModuleSampleTests */ = {
			isa = PBXGroup;
			children = (
				OBJ_12 /* ModuleSampleTests.swift */,
			);
			name = ModuleSampleTests;
			path = Tests/ModuleSampleTests;
			sourceTree = SOURCE_ROOT;
		};
		OBJ_470 /* Products */ = {
			isa = PBXGroup;
			children = (
				"ModuleSample::ModuleSample::Product" /* ModuleSample.framework */,
			);
			name = Products;
			sourceTree = BUILT_PRODUCTS_DIR;
		};
		OBJ_5 = {
			isa = PBXGroup;
			children = (
				OBJ_7 /* Sources */,
				OBJ_10 /* Tests */,
				OBJ_470 /* Products */,
				OBJ_479 /* README.md */,
				AC4F22B0266A2E6200501F0D /* Frameworks */,
			);
			sourceTree = "<group>";
		};
		OBJ_7 /* Sources */ = {
			isa = PBXGroup;
			children = (
				OBJ_8 /* ModuleSample */,
			);
			name = Sources;
			sourceTree = SOURCE_ROOT;
		};
		OBJ_8 /* ModuleSample */ = {
			isa = PBXGroup;
			children = (
				OBJ_9 /* ModuleSample.swift */,
			);
			name = ModuleSample;
			path = Sources/ModuleSample;
			sourceTree = SOURCE_ROOT;
		};
/* End PBXGroup section */

/* Begin PBXNativeTarget section */
		"ModuleSample::ModuleSample" /* ModuleSample */ = {
			isa = PBXNativeTarget;
			buildConfigurationList = OBJ_501 /* Build configuration list for PBXNativeTarget "ModuleSample" */;
			buildPhases = (
				OBJ_504 /* Sources */,
				OBJ_506 /* Frameworks */,
			);
			buildRules = (
			);
			dependencies = (
			);
			name = ModuleSample;
			packageProductDependencies = (
				AC1CCDDD276A29900089C3F2 /* Realm */,
				AC1CCDDF276A29900089C3F2 /* RealmSwift */,
			);
			productName = ModuleSample;
			productReference = "ModuleSample::ModuleSample::Product" /* ModuleSample.framework */;
			productType = "com.apple.product-type.framework";
		};
/* End PBXNativeTarget section */

/* Begin PBXProject section */
		OBJ_1 /* Project object */ = {
			isa = PBXProject;
			attributes = {
				LastSwiftMigration = 9999;
				LastUpgradeCheck = 9999;
			};
			buildConfigurationList = OBJ_2 /* Build configuration list for PBXProject "ModuleSample" */;
			compatibilityVersion = "Xcode 3.2";
			developmentRegion = en;
			hasScannedForEncodings = 0;
			knownRegions = (
				en,
			);
			mainGroup = OBJ_5;
			packageReferences = (
				AC1CCDDC276A29900089C3F2 /* XCRemoteSwiftPackageReference "realm-cocoa" */,
			);
			productRefGroup = OBJ_470 /* Products */;
			projectDirPath = "";
			projectRoot = "";
			targets = (
				"ModuleSample::ModuleSample" /* ModuleSample */,
			);
		};
/* End PBXProject section */

/* Begin PBXSourcesBuildPhase section */
		OBJ_504 /* Sources */ = {
			isa = PBXSourcesBuildPhase;
			buildActionMask = 0;
			files = (
				OBJ_505 /* ModuleSample.swift in Sources */,
			);
			runOnlyForDeploymentPostprocessing = 0;
		};
/* End PBXSourcesBuildPhase section */

/* Begin XCBuildConfiguration section */
		OBJ_3 /* Debug */ = {
			isa = XCBuildConfiguration;
			buildSettings = {
				CLANG_ENABLE_OBJC_ARC = YES;
				COMBINE_HIDPI_IMAGES = YES;
				COPY_PHASE_STRIP = NO;
				DEBUG_INFORMATION_FORMAT = dwarf;
				DYLIB_INSTALL_NAME_BASE = "@rpath";
				ENABLE_NS_ASSERTIONS = YES;
				GCC_OPTIMIZATION_LEVEL = 0;
				GCC_PREPROCESSOR_DEFINITIONS = (
					"$(inherited)",
					"SWIFT_PACKAGE=1",
					"DEBUG=1",
				);
				MACOSX_DEPLOYMENT_TARGET = 10.10;
				ONLY_ACTIVE_ARCH = YES;
				OTHER_SWIFT_FLAGS = "$(inherited) -DXcode";
				PRODUCT_NAME = "$(TARGET_NAME)";
				SDKROOT = iphoneos;
				SUPPORTED_PLATFORMS = "iphonesimulator iphoneos";
				SUPPORTS_MACCATALYST = YES;
				SWIFT_ACTIVE_COMPILATION_CONDITIONS = "$(inherited) SWIFT_PACKAGE DEBUG";
				SWIFT_OPTIMIZATION_LEVEL = "-Onone";
				USE_HEADERMAP = NO;
			};
			name = Debug;
		};
		OBJ_4 /* Release */ = {
			isa = XCBuildConfiguration;
			buildSettings = {
				CLANG_ENABLE_OBJC_ARC = YES;
				COMBINE_HIDPI_IMAGES = YES;
				COPY_PHASE_STRIP = YES;
				DEBUG_INFORMATION_FORMAT = "dwarf-with-dsym";
				DYLIB_INSTALL_NAME_BASE = "@rpath";
				GCC_OPTIMIZATION_LEVEL = s;
				GCC_PREPROCESSOR_DEFINITIONS = (
					"$(inherited)",
					"SWIFT_PACKAGE=1",
				);
				MACOSX_DEPLOYMENT_TARGET = 10.10;
				OTHER_SWIFT_FLAGS = "$(inherited) -DXcode";
				PRODUCT_NAME = "$(TARGET_NAME)";
				SDKROOT = iphoneos;
				SUPPORTED_PLATFORMS = "iphonesimulator iphoneos";
				SUPPORTS_MACCATALYST = YES;
				SWIFT_ACTIVE_COMPILATION_CONDITIONS = "$(inherited) SWIFT_PACKAGE";
				SWIFT_COMPILATION_MODE = wholemodule;
				SWIFT_OPTIMIZATION_LEVEL = "-O";
				USE_HEADERMAP = NO;
			};
			name = Release;
		};
		OBJ_502 /* Debug */ = {
			isa = XCBuildConfiguration;
			buildSettings = {
				CURRENT_PROJECT_VERSION = 1;
				ENABLE_TESTABILITY = YES;
				FRAMEWORK_SEARCH_PATHS = (
					"$(inherited)",
					"$(PLATFORM_DIR)/Developer/Library/Frameworks",
				);
				HEADER_SEARCH_PATHS = "$(inherited)";
				INFOPLIST_FILE = ModuleSample.xcodeproj/ModuleSample_Info.plist;
				IPHONEOS_DEPLOYMENT_TARGET = 11.0;
				LD_RUNPATH_SEARCH_PATHS = (
					"$(inherited)",
					"$(TOOLCHAIN_DIR)/usr/lib/swift/macosx",
				);
				MACOSX_DEPLOYMENT_TARGET = 10.10;
				OTHER_CFLAGS = "$(inherited)";
				OTHER_LDFLAGS = "$(inherited)";
				OTHER_SWIFT_FLAGS = "$(inherited)";
				PRODUCT_BUNDLE_IDENTIFIER = ModuleSample;
				PRODUCT_MODULE_NAME = "$(TARGET_NAME:c99extidentifier)";
				PRODUCT_NAME = "$(TARGET_NAME:c99extidentifier)";
				SDKROOT = iphoneos;
				SKIP_INSTALL = YES;
				SUPPORTED_PLATFORMS = "iphonesimulator iphoneos";
				SWIFT_ACTIVE_COMPILATION_CONDITIONS = "$(inherited)";
				SWIFT_VERSION = 5.0;
				TARGET_NAME = ModuleSample;
				TVOS_DEPLOYMENT_TARGET = 9.0;
				WATCHOS_DEPLOYMENT_TARGET = 2.0;
			};
			name = Debug;
		};
		OBJ_503 /* Release */ = {
			isa = XCBuildConfiguration;
			buildSettings = {
				CURRENT_PROJECT_VERSION = 1;
				ENABLE_TESTABILITY = YES;
				FRAMEWORK_SEARCH_PATHS = (
					"$(inherited)",
					"$(PLATFORM_DIR)/Developer/Library/Frameworks",
				);
				HEADER_SEARCH_PATHS = "$(inherited)";
				INFOPLIST_FILE = ModuleSample.xcodeproj/ModuleSample_Info.plist;
				IPHONEOS_DEPLOYMENT_TARGET = 11.0;
				LD_RUNPATH_SEARCH_PATHS = (
					"$(inherited)",
					"$(TOOLCHAIN_DIR)/usr/lib/swift/macosx",
				);
				MACOSX_DEPLOYMENT_TARGET = 10.10;
				ONLY_ACTIVE_ARCH = NO;
				OTHER_CFLAGS = "$(inherited)";
				OTHER_LDFLAGS = "$(inherited)";
				OTHER_SWIFT_FLAGS = "$(inherited)";
				PRODUCT_BUNDLE_IDENTIFIER = ModuleSample;
				PRODUCT_MODULE_NAME = "$(TARGET_NAME:c99extidentifier)";
				PRODUCT_NAME = "$(TARGET_NAME:c99extidentifier)";
				SDKROOT = iphoneos;
				SKIP_INSTALL = YES;
				SUPPORTED_PLATFORMS = "iphonesimulator iphoneos";
				SWIFT_ACTIVE_COMPILATION_CONDITIONS = "$(inherited)";
				SWIFT_VERSION = 5.0;
				TARGET_NAME = ModuleSample;
				TVOS_DEPLOYMENT_TARGET = 9.0;
				WATCHOS_DEPLOYMENT_TARGET = 2.0;
			};
			name = Release;
		};
/* End XCBuildConfiguration section */

/* Begin XCConfigurationList section */
		OBJ_2 /* Build configuration list for PBXProject "ModuleSample" */ = {
			isa = XCConfigurationList;
			buildConfigurations = (
				OBJ_3 /* Debug */,
				OBJ_4 /* Release */,
			);
			defaultConfigurationIsVisible = 0;
			defaultConfigurationName = Release;
		};
		OBJ_501 /* Build configuration list for PBXNativeTarget "ModuleSample" */ = {
			isa = XCConfigurationList;
			buildConfigurations = (
				OBJ_502 /* Debug */,
				OBJ_503 /* Release */,
			);
			defaultConfigurationIsVisible = 0;
			defaultConfigurationName = Release;
		};
/* End XCConfigurationList section */

/* Begin XCRemoteSwiftPackageReference section */
		AC1CCDDC276A29900089C3F2 /* XCRemoteSwiftPackageReference "realm-cocoa" */ = {
			isa = XCRemoteSwiftPackageReference;
			repositoryURL = "https://github.com/realm/realm-cocoa.git";
			requirement = {
				kind = upToNextMajorVersion;
				minimumVersion = 10.20.1;
			};
		};
/* End XCRemoteSwiftPackageReference section */

/* Begin XCSwiftPackageProductDependency section */
		AC1CCDDD276A29900089C3F2 /* Realm */ = {
			isa = XCSwiftPackageProductDependency;
			package = AC1CCDDC276A29900089C3F2 /* XCRemoteSwiftPackageReference "realm-cocoa" */;
			productName = Realm;
		};
		AC1CCDDF276A29900089C3F2 /* RealmSwift */ = {
			isa = XCSwiftPackageProductDependency;
			package = AC1CCDDC276A29900089C3F2 /* XCRemoteSwiftPackageReference "realm-cocoa" */;
			productName = RealmSwift;
		};
/* End XCSwiftPackageProductDependency section */
	};
	rootObject = OBJ_1 /* Project object */;
}
